// !$*UTF8*$!
{
	archiveVersion = 1;
	classes = {
	};
	objectVersion = 50;
	objects = {

/* Begin PBXBuildFile section */
		DCE6CF232419D4ED0052950B /* AppDelegate.swift in Sources */ = {isa = PBXBuildFile; fileRef = DCE6CF222419D4ED0052950B /* AppDelegate.swift */; };
		DCE6CF252419D4ED0052950B /* SceneDelegate.swift in Sources */ = {isa = PBXBuildFile; fileRef = DCE6CF242419D4ED0052950B /* SceneDelegate.swift */; };
		DCE6CF272419D4ED0052950B /* ViewController.swift in Sources */ = {isa = PBXBuildFile; fileRef = DCE6CF262419D4ED0052950B /* ViewController.swift */; };
		DCE6CF2A2419D4ED0052950B /* Main.storyboard in Resources */ = {isa = PBXBuildFile; fileRef = DCE6CF282419D4ED0052950B /* Main.storyboard */; };
		DCE6CF2C2419D4EE0052950B /* Assets.xcassets in Resources */ = {isa = PBXBuildFile; fileRef = DCE6CF2B2419D4EE0052950B /* Assets.xcassets */; };
		DCE6CF2F2419D4EE0052950B /* LaunchScreen.storyboard in Resources */ = {isa = PBXBuildFile; fileRef = DCE6CF2D2419D4EE0052950B /* LaunchScreen.storyboard */; };
		DCE6CF37241A2ED70052950B /* a.gif in Resources */ = {isa = PBXBuildFile; fileRef = DCE6CF36241A2ED70052950B /* a.gif */; };
/* End PBXBuildFile section */

/* Begin PBXFileReference section */
		DCE6CF1F2419D4ED0052950B /* Animation_tutorial.app */ = {isa = PBXFileReference; explicitFileType = wrapper.application; includeInIndex = 0; path = Animation_tutorial.app; sourceTree = BUILT_PRODUCTS_DIR; };
		DCE6CF222419D4ED0052950B /* AppDelegate.swift */ = {isa = PBXFileReference; lastKnownFileType = sourcecode.swift; path = AppDelegate.swift; sourceTree = "<group>"; };
		DCE6CF242419D4ED0052950B /* SceneDelegate.swift */ = {isa = PBXFileReference; lastKnownFileType = sourcecode.swift; path = SceneDelegate.swift; sourceTree = "<group>"; };
		DCE6CF262419D4ED0052950B /* ViewController.swift */ = {isa = PBXFileReference; lastKnownFileType = sourcecode.swift; path = ViewController.swift; sourceTree = "<group>"; };
		DCE6CF292419D4ED0052950B /* Base */ = {isa = PBXFileReference; lastKnownFileType = file.storyboard; name = Base; path = Base.lproj/Main.storyboard; sourceTree = "<group>"; };
		DCE6CF2B2419D4EE0052950B /* Assets.xcassets */ = {isa = PBXFileReference; lastKnownFileType = folder.assetcatalog; path = Assets.xcassets; sourceTree = "<group>"; };
		DCE6CF2E2419D4EE0052950B /* Base */ = {isa = PBXFileReference; lastKnownFileType = file.storyboard; name = Base; path = Base.lproj/LaunchScreen.storyboard; sourceTree = "<group>"; };
		DCE6CF302419D4EE0052950B /* Info.plist */ = {isa = PBXFileReference; lastKnownFileType = text.plist.xml; path = Info.plist; sourceTree = "<group>"; };
		DCE6CF36241A2ED70052950B /* a.gif */ = {isa = PBXFileReference; lastKnownFileType = image.gif; path = a.gif; sourceTree = "<group>"; };
/* End PBXFileReference section */

/* Begin PBXFrameworksBuildPhase section */
		DCE6CF1C2419D4ED0052950B /* Frameworks */ = {
			isa = PBXFrameworksBuildPhase;
			buildActionMask = 2147483647;
			files = (
			);
			runOnlyForDeploymentPostprocessing = 0;
		};
/* End PBXFrameworksBuildPhase section */

/* Begin PBXGroup section */
		DCE6CF162419D4ED0052950B = {
			isa = PBXGroup;
			children = (
				DCE6CF212419D4ED0052950B /* Animation_tutorial */,
				DCE6CF202419D4ED0052950B /* Products */,
			);
			sourceTree = "<group>";
		};
		DCE6CF202419D4ED0052950B /* Products */ = {
			isa = PBXGroup;
			children = (
				DCE6CF1F2419D4ED0052950B /* Animation_tutorial.app */,
			);
			name = Products;
			sourceTree = "<group>";
		};
		DCE6CF212419D4ED0052950B /* Animation_tutorial */ = {
			isa = PBXGroup;
			children = (
				DCE6CF36241A2ED70052950B /* a.gif */,
				DCE6CF222419D4ED0052950B /* AppDelegate.swift */,
				DCE6CF242419D4ED0052950B /* SceneDelegate.swift */,
				DCE6CF262419D4ED0052950B /* ViewController.swift */,
				DCE6CF282419D4ED0052950B /* Main.storyboard */,
				DCE6CF2B2419D4EE0052950B /* Assets.xcassets */,
				DCE6CF2D2419D4EE0052950B /* LaunchScreen.storyboard */,
				DCE6CF302419D4EE0052950B /* Info.plist */,
			);
			path = Animation_tutorial;
			sourceTree = "<group>";
		};
/* End PBXGroup section */

/* Begin PBXNativeTarget section */
		DCE6CF1E2419D4ED0052950B /* Animation_tutorial */ = {
			isa = PBXNativeTarget;
			buildConfigurationList = DCE6CF332419D4EE0052950B /* Build configuration list for PBXNativeTarget "Animation_tutorial" */;
			buildPhases = (
				DCE6CF1B2419D4ED0052950B /* Sources */,
				DCE6CF1C2419D4ED0052950B /* Frameworks */,
				DCE6CF1D2419D4ED0052950B /* Resources */,
			);
			buildRules = (
			);
			dependencies = (
			);
			name = Animation_tutorial;
			productName = Animation_tutorial;
			productReference = DCE6CF1F2419D4ED0052950B /* Animation_tutorial.app */;
			productType = "com.apple.product-type.application";
		};
/* End PBXNativeTarget section */

/* Begin PBXProject section */
		DCE6CF172419D4ED0052950B /* Project object */ = {
			isa = PBXProject;
			attributes = {
				LastSwiftUpdateCheck = 1130;
				LastUpgradeCheck = 1130;
				ORGANIZATIONNAME = FelixZhao;
				TargetAttributes = {
					DCE6CF1E2419D4ED0052950B = {
						CreatedOnToolsVersion = 11.3.1;
					};
				};
			};
			buildConfigurationList = DCE6CF1A2419D4ED0052950B /* Build configuration list for PBXProject "Animation_tutorial" */;
			compatibilityVersion = "Xcode 9.3";
			developmentRegion = en;
			hasScannedForEncodings = 0;
			knownRegions = (
				en,
				Base,
			);
			mainGroup = DCE6CF162419D4ED0052950B;
			productRefGroup = DCE6CF202419D4ED0052950B /* Products */;
			projectDirPath = "";
			projectRoot = "";
			targets = (
				DCE6CF1E2419D4ED0052950B /* Animation_tutorial */,
			);
		};
/* End PBXProject section */

/* Begin PBXResourcesBuildPhase section */
		DCE6CF1D2419D4ED0052950B /* Resources */ = {
			isa = PBXResourcesBuildPhase;
			buildActionMask = 2147483647;
			files = (
				DCE6CF2F2419D4EE0052950B /* LaunchScreen.storyboard in Resources */,
				DCE6CF2C2419D4EE0052950B /* Assets.xcassets in Resources */,
				DCE6CF37241A2ED70052950B /* a.gif in Resources */,
				DCE6CF2A2419D4ED0052950B /* Main.storyboard in Resources */,
			);
			runOnlyForDeploymentPostprocessing = 0;
		};
/* End PBXResourcesBuildPhase section */

/* Begin PBXSourcesBuildPhase section */
		DCE6CF1B2419D4ED0052950B /* Sources */ = {
			isa = PBXSourcesBuildPhase;
			buildActionMask = 2147483647;
			files = (
				DCE6CF272419D4ED0052950B /* ViewController.swift in Sources */,
				DCE6CF232419D4ED0052950B /* AppDelegate.swift in Sources */,
				DCE6CF252419D4ED0052950B /* SceneDelegate.swift in Sources */,
			);
			runOnlyForDeploymentPostprocessing = 0;
		};
/* End PBXSourcesBuildPhase section */

/* Begin PBXVariantGroup section */
		DCE6CF282419D4ED0052950B /* Main.storyboard */ = {
			isa = PBXVariantGroup;
			children = (
				DCE6CF292419D4ED0052950B /* Base */,
			);
			name = Main.storyboard;
			sourceTree = "<group>";
		};
		DCE6CF2D2419D4EE0052950B /* LaunchScreen.storyboard */ = {
			isa = PBXVariantGroup;
			children = (
				DCE6CF2E2419D4EE0052950B /* Base */,
			);
			name = LaunchScreen.storyboard;
			sourceTree = "<group>";
		};
/* End PBXVariantGroup section */

/* Begin XCBuildConfiguration section */
		DCE6CF312419D4EE0052950B /* Debug */ = {
			isa = XCBuildConfiguration;
			buildSettings = {
				ALWAYS_SEARCH_USER_PATHS = NO;
				CLANG_ANALYZER_NONNULL = YES;
				CLANG_ANALYZER_NUMBER_OBJECT_CONVERSION = YES_AGGRESSIVE;
				CLANG_CXX_LANGUAGE_STANDARD = "gnu++14";
				CLANG_CXX_LIBRARY = "libc++";
				CLANG_ENABLE_MODULES = YES;
				CLANG_ENABLE_OBJC_ARC = YES;
				CLANG_ENABLE_OBJC_WEAK = YES;
				CLANG_WARN_BLOCK_CAPTURE_AUTORELEASING = YES;
				CLANG_WARN_BOOL_CONVERSION = YES;
				CLANG_WARN_COMMA = YES;
				CLANG_WARN_CONSTANT_CONVERSION = YES;
				CLANG_WARN_DEPRECATED_OBJC_IMPLEMENTATIONS = YES;
				CLANG_WARN_DIRECT_OBJC_ISA_USAGE = YES_ERROR;
				CLANG_WARN_DOCUMENTATION_COMMENTS = YES;
				CLANG_WARN_EMPTY_BODY = YES;
				CLANG_WARN_ENUM_CONVERSION = YES;
				CLANG_WARN_INFINITE_RECURSION = YES;
				CLANG_WARN_INT_CONVERSION = YES;
				CLANG_WARN_NON_LITERAL_NULL_CONVERSION = YES;
				CLANG_WARN_OBJC_IMPLICIT_RETAIN_SELF = YES;
				CLANG_WARN_OBJC_LITERAL_CONVERSION = YES;
				CLANG_WARN_OBJC_ROOT_CLASS = YES_ERROR;
				CLANG_WARN_RANGE_LOOP_ANALYSIS = YES;
				CLANG_WARN_STRICT_PROTOTYPES = YES;
				CLANG_WARN_SUSPICIOUS_MOVE = YES;
				CLANG_WARN_UNGUARDED_AVAILABILITY = YES_AGGRESSIVE;
				CLANG_WARN_UNREACHABLE_CODE = YES;
				CLANG_WARN__DUPLICATE_METHOD_MATCH = YES;
				COPY_PHASE_STRIP = NO;
				DEBUG_INFORMATION_FORMAT = dwarf;
				ENABLE_STRICT_OBJC_MSGSEND = YES;
				ENABLE_TESTABILITY = YES;
				GCC_C_LANGUAGE_STANDARD = gnu11;
				GCC_DYNAMIC_NO_PIC = NO;
				GCC_NO_COMMON_BLOCKS = YES;
				GCC_OPTIMIZATION_LEVEL = 0;
				GCC_PREPROCESSOR_DEFINITIONS = (
					"DEBUG=1",
					"$(inherited)",
				);
				GCC_WARN_64_TO_32_BIT_CONVERSION = YES;
				GCC_WARN_ABOUT_RETURN_TYPE = YES_ERROR;
				GCC_WARN_UNDECLARED_SELECTOR = YES;
				GCC_WARN_UNINITIALIZED_AUTOS = YES_AGGRESSIVE;
				GCC_WARN_UNUSED_FUNCTION = YES;
				GCC_WARN_UNUSED_VARIABLE = YES;
				IPHONEOS_DEPLOYMENT_TARGET = 13.2;
				MTL_ENABLE_DEBUG_INFO = INCLUDE_SOURCE;
				MTL_FAST_MATH = YES;
				ONLY_ACTIVE_ARCH = YES;
				SDKROOT = iphoneos;
				SWIFT_ACTIVE_COMPILATION_CONDITIONS = DEBUG;
				SWIFT_OPTIMIZATION_LEVEL = "-Onone";
			};
			name = Debug;
		};
		DCE6CF322419D4EE0052950B /* Release */ = {
			isa = XCBuildConfiguration;
			buildSettings = {
				ALWAYS_SEARCH_USER_PATHS = NO;
				CLANG_ANALYZER_NONNULL = YES;
				CLANG_ANALYZER_NUMBER_OBJECT_CONVERSION = YES_AGGRESSIVE;
				CLANG_CXX_LANGUAGE_STANDARD = "gnu++14";
				CLANG_CXX_LIBRARY = "libc++";
				CLANG_ENABLE_MODULES = YES;
				CLANG_ENABLE_OBJC_ARC = YES;
				CLANG_ENABLE_OBJC_WEAK = YES;
				CLANG_WARN_BLOCK_CAPTURE_AUTORELEASING = YES;
				CLANG_WARN_BOOL_CONVERSION = YES;
				CLANG_WARN_COMMA = YES;
				CLANG_WARN_CONSTANT_CONVERSION = YES;
				CLANG_WARN_DEPRECATED_OBJC_IMPLEMENTATIONS = YES;
				CLANG_WARN_DIRECT_OBJC_ISA_USAGE = YES_ERROR;
				CLANG_WARN_DOCUMENTATION_COMMENTS = YES;
				CLANG_WARN_EMPTY_BODY = YES;
				CLANG_WARN_ENUM_CONVERSION = YES;
				CLANG_WARN_INFINITE_RECURSION = YES;
				CLANG_WARN_INT_CONVERSION = YES;
				CLANG_WARN_NON_LITERAL_NULL_CONVERSION = YES;
				CLANG_WARN_OBJC_IMPLICIT_RETAIN_SELF = YES;
				CLANG_WARN_OBJC_LITERAL_CONVERSION = YES;
				CLANG_WARN_OBJC_ROOT_CLASS = YES_ERROR;
				CLANG_WARN_RANGE_LOOP_ANALYSIS = YES;
				CLANG_WARN_STRICT_PROTOTYPES = YES;
				CLANG_WARN_SUSPICIOUS_MOVE = YES;
				CLANG_WARN_UNGUARDED_AVAILABILITY = YES_AGGRESSIVE;
				CLANG_WARN_UNREACHABLE_CODE = YES;
				CLANG_WARN__DUPLICATE_METHOD_MATCH = YES;
				COPY_PHASE_STRIP = NO;
				DEBUG_INFORMATION_FORMAT = "dwarf-with-dsym";
				ENABLE_NS_ASSERTIONS = NO;
				ENABLE_STRICT_OBJC_MSGSEND = YES;
				GCC_C_LANGUAGE_STANDARD = gnu11;
				GCC_NO_COMMON_BLOCKS = YES;
				GCC_WARN_64_TO_32_BIT_CONVERSION = YES;
				GCC_WARN_ABOUT_RETURN_TYPE = YES_ERROR;
				GCC_WARN_UNDECLARED_SELECTOR = YES;
				GCC_WARN_UNINITIALIZED_AUTOS = YES_AGGRESSIVE;
				GCC_WARN_UNUSED_FUNCTION = YES;
				GCC_WARN_UNUSED_VARIABLE = YES;
				IPHONEOS_DEPLOYMENT_TARGET = 13.2;
				MTL_ENABLE_DEBUG_INFO = NO;
				MTL_FAST_MATH = YES;
				SDKROOT = iphoneos;
				SWIFT_COMPILATION_MODE = wholemodule;
				SWIFT_OPTIMIZATION_LEVEL = "-O";
				VALIDATE_PRODUCT = YES;
			};
			name = Release;
		};
		DCE6CF342419D4EE0052950B /* Debug */ = {
			isa = XCBuildConfiguration;
			buildSettings = {
				ASSETCATALOG_COMPILER_APPICON_NAME = AppIcon;
				CODE_SIGN_STYLE = Automatic;
				DEVELOPMENT_TEAM = D6F5JL4P64;
				INFOPLIST_FILE = Animation_tutorial/Info.plist;
				LD_RUNPATH_SEARCH_PATHS = (
					"$(inherited)",
					"@executable_path/Frameworks",
				);
				PRODUCT_BUNDLE_IDENTIFIER = "www.swift.bedeveloper.cn.Animation-tutorial";
				PRODUCT_NAME = "$(TARGET_NAME)";
				SWIFT_VERSION = 5.0;
				TARGETED_DEVICE_FAMILY = "1,2";
			};
			name = Debug;
		};
		DCE6CF352419D4EE0052950B /* Release */ = {
			isa = XCBuildConfiguration;
			buildSettings = {
				ASSETCATALOG_COMPILER_APPICON_NAME = AppIcon;
				CODE_SIGN_STYLE = Automatic;
				DEVELOPMENT_TEAM = D6F5JL4P64;
				INFOPLIST_FILE = Animation_tutorial/Info.plist;
				LD_RUNPATH_SEARCH_PATHS = (
					"$(inherited)",
					"@executable_path/Frameworks",
				);
				PRODUCT_BUNDLE_IDENTIFIER = "www.swift.bedeveloper.cn.Animation-tutorial";
				PRODUCT_NAME = "$(TARGET_NAME)";
				SWIFT_VERSION = 5.0;
				TARGETED_DEVICE_FAMILY = "1,2";
			};
			name = Release;
		};
/* End XCBuildConfiguration section */

/* Begin XCConfigurationList section */
		DCE6CF1A2419D4ED0052950B /* Build configuration list for PBXProject "Animation_tutorial" */ = {
			isa = XCConfigurationList;
			buildConfigurations = (
				DCE6CF312419D4EE0052950B /* Debug */,
				DCE6CF322419D4EE0052950B /* Release */,
			);
			defaultConfigurationIsVisible = 0;
			defaultConfigurationName = Release;
		};
		DCE6CF332419D4EE0052950B /* Build configuration list for PBXNativeTarget "Animation_tutorial" */ = {
			isa = XCConfigurationList;
			buildConfigurations = (
				DCE6CF342419D4EE0052950B /* Debug */,
				DCE6CF352419D4EE0052950B /* Release */,
			);
			defaultConfigurationIsVisible = 0;
			defaultConfigurationName = Release;
		};
/* End XCConfigurationList section */
	};
	rootObject = DCE6CF172419D4ED0052950B /* Project object */;
}
